
Microsoft Visual Studio Solution File, Format Version 12.00
# Visual Studio Version 17
VisualStudioVersion = 17.3.32804.467
MinimumVisualStudioVersion = 10.0.40219.1
Project("{9A19103F-16F7-4668-BE54-9A1E7A4F7556}") = "ECF.Core.Commond", "ECF.Core.Commond\ECF.Core.Commond.csproj", "{AC9EC313-D4DA-4089-B0E8-BEAF677F49E4}"
EndProject
Project("{9A19103F-16F7-4668-BE54-9A1E7A4F7556}") = "ECF.Core.Repository", "ECF.Core.Repository\ECF.Core.Repository.csproj", "{21824276-D7BF-4EB4-9ACD-B09D03CBE11B}"
EndProject
Project("{9A19103F-16F7-4668-BE54-9A1E7A4F7556}") = "ECF.Core.applications", "ECF.Core.applications\ECF.Core.applications.csproj", "{38D53725-D926-4435-81E1-C6349090F3EB}"
EndProject
Project("{9A19103F-16F7-4668-BE54-9A1E7A4F7556}") = "ECF.Core.API", "ECF.Core.API\ECF.Core.API.csproj", "{8F631E2C-FCCA-42BA-8717-0C4ECC83D42E}"
EndProject
Project("{9A19103F-16F7-4668-BE54-9A1E7A4F7556}") = "ECF.Core.Entities", "ECF.Core.Entities\ECF.Core.Entities.csproj", "{459DE962-0092-461E-A682-254D983B3E34}"
EndProject
Project("{FAE04EC0-301F-11D3-BF4B-00C04F79EFBC}") = "ECF.Core.ExtrenalServices", "ECF.Core.ExtrenalServices\ECF.Core.ExtrenalServices.csproj", "{E93C5225-9DCE-4627-9EB9-0C32DF914276}"
EndProject
Global
	GlobalSection(SolutionConfigurationPlatforms) = preSolution
		Debug|Any CPU = Debug|Any CPU
		Release|Any CPU = Release|Any CPU
	EndGlobalSection
	GlobalSection(ProjectConfigurationPlatforms) = postSolution
		{AC9EC313-D4DA-4089-B0E8-BEAF677F49E4}.Debug|Any CPU.ActiveCfg = Debug|Any CPU
		{AC9EC313-D4DA-4089-B0E8-BEAF677F49E4}.Debug|Any CPU.Build.0 = Debug|Any CPU
		{AC9EC313-D4DA-4089-B0E8-BEAF677F49E4}.Release|Any CPU.ActiveCfg = Release|Any CPU
		{AC9EC313-D4DA-4089-B0E8-BEAF677F49E4}.Release|Any CPU.Build.0 = Release|Any CPU
		{21824276-D7BF-4EB4-9ACD-B09D03CBE11B}.Debug|Any CPU.ActiveCfg = Debug|Any CPU
		{21824276-D7BF-4EB4-9ACD-B09D03CBE11B}.Debug|Any CPU.Build.0 = Debug|Any CPU
		{21824276-D7BF-4EB4-9ACD-B09D03CBE11B}.Release|Any CPU.ActiveCfg = Release|Any CPU
		{21824276-D7BF-4EB4-9ACD-B09D03CBE11B}.Release|Any CPU.Build.0 = Release|Any CPU
		{38D53725-D926-4435-81E1-C6349090F3EB}.Debug|Any CPU.ActiveCfg = Debug|Any CPU
		{38D53725-D926-4435-81E1-C6349090F3EB}.Debug|Any CPU.Build.0 = Debug|Any CPU
		{38D53725-D926-4435-81E1-C6349090F3EB}.Release|Any CPU.ActiveCfg = Release|Any CPU
		{38D53725-D926-4435-81E1-C6349090F3EB}.Release|Any CPU.Build.0 = Release|Any CPU
		{8F631E2C-FCCA-42BA-8717-0C4ECC83D42E}.Debug|Any CPU.ActiveCfg = Debug|Any CPU
		{8F631E2C-FCCA-42BA-8717-0C4ECC83D42E}.Debug|Any CPU.Build.0 = Debug|Any CPU
		{8F631E2C-FCCA-42BA-8717-0C4ECC83D42E}.Release|Any CPU.ActiveCfg = Release|Any CPU
		{8F631E2C-FCCA-42BA-8717-0C4ECC83D42E}.Release|Any CPU.Build.0 = Release|Any CPU
		{459DE962-0092-461E-A682-254D983B3E34}.Debug|Any CPU.ActiveCfg = Debug|Any CPU
		{459DE962-0092-461E-A682-254D983B3E34}.Debug|Any CPU.Build.0 = Debug|Any CPU
		{459DE962-0092-461E-A682-254D983B3E34}.Release|Any CPU.ActiveCfg = Release|Any CPU
		{459DE962-0092-461E-A682-254D983B3E34}.Release|Any CPU.Build.0 = Release|Any CPU
		{E93C5225-9DCE-4627-9EB9-0C32DF914276}.Debug|Any CPU.ActiveCfg = Debug|Any CPU
		{E93C5225-9DCE-4627-9EB9-0C32DF914276}.Debug|Any CPU.Build.0 = Debug|Any CPU
		{E93C5225-9DCE-4627-9EB9-0C32DF914276}.Release|Any CPU.ActiveCfg = Release|Any CPU
		{E93C5225-9DCE-4627-9EB9-0C32DF914276}.Release|Any CPU.Build.0 = Release|Any CPU
	EndGlobalSection
	GlobalSection(SolutionProperties) = preSolution
		HideSolutionNode = FALSE
	EndGlobalSection
	GlobalSection(ExtensibilityGlobals) = postSolution
		SolutionGuid = {86A58529-68A4-4874-A0F5-59C3E842F7DD}
	EndGlobalSection
EndGlobal
